<Solution>
  <Folder Name="/src/">
    <Project Path="src/Sharik.Api/Sharik.Api.csproj" />
    <Project Path="src/Sharik.Application/Sharik.Application.csproj" />
    <Project Path="src/Sharik.Domain/Sharik.Domain.csproj" />
    <Project Path="src/Sharik.Infrastructure/Sharik.Infrastructure.csproj" />
  </Folder>
</Solution>
