<Solution>
  <Folder Name="/src/">
    <Project Path="src/Sharik.Api/Sharik.Api.csproj" />
    <Project Path="src/Sharik.Application/Sharik.Application.csproj" />
    <Project Path="src/Sharik.Domain/Sharik.Domain.csproj" />
    <Project Path="src/Sharik.Infrastructure/Sharik.Infrastructure.csproj" />
  </Folder>
  <Folder Name="/tests/">
    <Project Path="Sharik.Domain.UnitTests/Sharik.Domain.UnitTests.csproj" Id="e6637bd8-c3f2-4a5b-be5f-69553d3a21fd" />
  </Folder>
</Solution>
